// !$*UTF8*$!
{
	archiveVersion = 1;
	classes = {
	};
	objectVersion = 55;
	objects = {

/* Begin PBXBuildFile section */
		10ABB5CA27B69A0F00C566B1 /* AppMMApp.swift in Sources */ = {isa = PBXBuildFile; fileRef = 10ABB5C927B69A0F00C566B1 /* AppMMApp.swift */; };
		10ABB5CC27B69A0F00C566B1 /* ContentView.swift in Sources */ = {isa = PBXBuildFile; fileRef = 10ABB5CB27B69A0F00C566B1 /* ContentView.swift */; };
		10ABB5CE27B69A1500C566B1 /* Assets.xcassets in Resources */ = {isa = PBXBuildFile; fileRef = 10ABB5CD27B69A1500C566B1 /* Assets.xcassets */; };
		10ABB5D127B69A1500C566B1 /* Preview Assets.xcassets in Resources */ = {isa = PBXBuildFile; fileRef = 10ABB5D027B69A1500C566B1 /* Preview Assets.xcassets */; };
		10ABB5D327B69A1500C566B1 /* Persistence.swift in Sources */ = {isa = PBXBuildFile; fileRef = 10ABB5D227B69A1500C566B1 /* Persistence.swift */; };
		10ABB5D627B69A1500C566B1 /* AppMM.xcdatamodeld in Sources */ = {isa = PBXBuildFile; fileRef = 10ABB5D427B69A1500C566B1 /* AppMM.xcdatamodeld */; };
		10ABB5E027B69A1500C566B1 /* AppMMTests.swift in Sources */ = {isa = PBXBuildFile; fileRef = 10ABB5DF27B69A1500C566B1 /* AppMMTests.swift */; };
		10ABB5EA27B69A1500C566B1 /* AppMMUITests.swift in Sources */ = {isa = PBXBuildFile; fileRef = 10ABB5E927B69A1500C566B1 /* AppMMUITests.swift */; };
		10ABB5EC27B69A1500C566B1 /* AppMMUITestsLaunchTests.swift in Sources */ = {isa = PBXBuildFile; fileRef = 10ABB5EB27B69A1500C566B1 /* AppMMUITestsLaunchTests.swift */; };
		10ABB5FA27B6A6D300C566B1 /* categories.json in Resources */ = {isa = PBXBuildFile; fileRef = 10ABB5F927B6A6D300C566B1 /* categories.json */; };
		10ABB5FC27B6A8CA00C566B1 /* topic.json in Resources */ = {isa = PBXBuildFile; fileRef = 10ABB5FB27B6A8CA00C566B1 /* topic.json */; };
		10ABB5FE27B6B28C00C566B1 /* detail.json in Resources */ = {isa = PBXBuildFile; fileRef = 10ABB5FD27B6B28C00C566B1 /* detail.json */; };
		10ABB60827B6BDC600C566B1 /* CodableBundleExtension.swift in Sources */ = {isa = PBXBuildFile; fileRef = 10ABB60727B6BDC600C566B1 /* CodableBundleExtension.swift */; };
		10ABB60B27B6BE4500C566B1 /* Category.swift in Sources */ = {isa = PBXBuildFile; fileRef = 10ABB60A27B6BE4500C566B1 /* Category.swift */; };
		10ABB60F27B6C1DE00C566B1 /* ActionButtonView.swift in Sources */ = {isa = PBXBuildFile; fileRef = 10ABB60E27B6C1DE00C566B1 /* ActionButtonView.swift */; };
		10ABB61127B6C3A900C566B1 /* CoverImageView.swift in Sources */ = {isa = PBXBuildFile; fileRef = 10ABB61027B6C3A900C566B1 /* CoverImageView.swift */; };
		10ABB61327B6C8B800C566B1 /* TopicListItemView.swift in Sources */ = {isa = PBXBuildFile; fileRef = 10ABB61227B6C8B800C566B1 /* TopicListItemView.swift */; };
		10C58B4F27B92C3A0026E1EF /* TopicDetailView.swift in Sources */ = {isa = PBXBuildFile; fileRef = 10C58B4E27B92C3A0026E1EF /* TopicDetailView.swift */; };
		10C58B5127B930B00026E1EF /* DetailHeaderView.swift in Sources */ = {isa = PBXBuildFile; fileRef = 10C58B5027B930B00026E1EF /* DetailHeaderView.swift */; };
		10C58B5527B949860026E1EF /* ReadDetailContent.swift in Sources */ = {isa = PBXBuildFile; fileRef = 10C58B5427B949860026E1EF /* ReadDetailContent.swift */; };
		10C58B5727B96FF00026E1EF /* LaunchScreen.swift in Sources */ = {isa = PBXBuildFile; fileRef = 10C58B5627B96FEF0026E1EF /* LaunchScreen.swift */; };
		10DB0D4D27B701390005C0B0 /* Constants.swift in Sources */ = {isa = PBXBuildFile; fileRef = 10DB0D4C27B701390005C0B0 /* Constants.swift */; };
		10DB0D4F27B701970005C0B0 /* Topics.swift in Sources */ = {isa = PBXBuildFile; fileRef = 10DB0D4E27B701970005C0B0 /* Topics.swift */; };
		10DB0D5127B701A20005C0B0 /* Detail.swift in Sources */ = {isa = PBXBuildFile; fileRef = 10DB0D5027B701A20005C0B0 /* Detail.swift */; };
		10DB0D5427B703430005C0B0 /* CustomShape.swift in Sources */ = {isa = PBXBuildFile; fileRef = 10DB0D5327B703430005C0B0 /* CustomShape.swift */; };
		10DB0D5827B703E20005C0B0 /* LogoView.swift in Sources */ = {isa = PBXBuildFile; fileRef = 10DB0D5727B703E20005C0B0 /* LogoView.swift */; };
		10DB0D5A27B704E30005C0B0 /* CategoryItemView.swift in Sources */ = {isa = PBXBuildFile; fileRef = 10DB0D5927B704E20005C0B0 /* CategoryItemView.swift */; };
		10DB0D5C27B709430005C0B0 /* CategoryHeaderView.swift in Sources */ = {isa = PBXBuildFile; fileRef = 10DB0D5B27B709430005C0B0 /* CategoryHeaderView.swift */; };
		10DB0D5E27B71EF50005C0B0 /* CategoryFilterButton.swift in Sources */ = {isa = PBXBuildFile; fileRef = 10DB0D5D27B71EF50005C0B0 /* CategoryFilterButton.swift */; };
		10DB0D6027B72B2F0005C0B0 /* NavigationBarView.swift in Sources */ = {isa = PBXBuildFile; fileRef = 10DB0D5F27B72B2F0005C0B0 /* NavigationBarView.swift */; };
		10DB0D6227B72D160005C0B0 /* ReadCategory.swift in Sources */ = {isa = PBXBuildFile; fileRef = 10DB0D6127B72D150005C0B0 /* ReadCategory.swift */; };
		10DB0D6427B72EB60005C0B0 /* CategoryTopicsView.swift in Sources */ = {isa = PBXBuildFile; fileRef = 10DB0D6327B72EB60005C0B0 /* CategoryTopicsView.swift */; };
		10DB0D6727B7F1A50005C0B0 /* SingInfoView.swift in Sources */ = {isa = PBXBuildFile; fileRef = 10DB0D6627B7F1A50005C0B0 /* SingInfoView.swift */; };
/* End PBXBuildFile section */

/* Begin PBXContainerItemProxy section */
		10ABB5DC27B69A1500C566B1 /* PBXContainerItemProxy */ = {
			isa = PBXContainerItemProxy;
			containerPortal = 10ABB5BE27B69A0F00C566B1 /* Project object */;
			proxyType = 1;
			remoteGlobalIDString = 10ABB5C527B69A0F00C566B1;
			remoteInfo = AppMM;
		};
		10ABB5E627B69A1500C566B1 /* PBXContainerItemProxy */ = {
			isa = PBXContainerItemProxy;
			containerPortal = 10ABB5BE27B69A0F00C566B1 /* Project object */;
			proxyType = 1;
			remoteGlobalIDString = 10ABB5C527B69A0F00C566B1;
			remoteInfo = AppMM;
		};
/* End PBXContainerItemProxy section */

/* Begin PBXFileReference section */
		10ABB5C627B69A0F00C566B1 /* AppMM.app */ = {isa = PBXFileReference; explicitFileType = wrapper.application; includeInIndex = 0; path = AppMM.app; sourceTree = BUILT_PRODUCTS_DIR; };
		10ABB5C927B69A0F00C566B1 /* AppMMApp.swift */ = {isa = PBXFileReference; lastKnownFileType = sourcecode.swift; path = AppMMApp.swift; sourceTree = "<group>"; };
		10ABB5CB27B69A0F00C566B1 /* ContentView.swift */ = {isa = PBXFileReference; lastKnownFileType = sourcecode.swift; path = ContentView.swift; sourceTree = "<group>"; };
		10ABB5CD27B69A1500C566B1 /* Assets.xcassets */ = {isa = PBXFileReference; lastKnownFileType = folder.assetcatalog; path = Assets.xcassets; sourceTree = "<group>"; };
		10ABB5D027B69A1500C566B1 /* Preview Assets.xcassets */ = {isa = PBXFileReference; lastKnownFileType = folder.assetcatalog; path = "Preview Assets.xcassets"; sourceTree = "<group>"; };
		10ABB5D227B69A1500C566B1 /* Persistence.swift */ = {isa = PBXFileReference; lastKnownFileType = sourcecode.swift; path = Persistence.swift; sourceTree = "<group>"; };
		10ABB5D527B69A1500C566B1 /* AppMM.xcdatamodel */ = {isa = PBXFileReference; lastKnownFileType = wrapper.xcdatamodel; path = AppMM.xcdatamodel; sourceTree = "<group>"; };
		10ABB5DB27B69A1500C566B1 /* AppMMTests.xctest */ = {isa = PBXFileReference; explicitFileType = wrapper.cfbundle; includeInIndex = 0; path = AppMMTests.xctest; sourceTree = BUILT_PRODUCTS_DIR; };
		10ABB5DF27B69A1500C566B1 /* AppMMTests.swift */ = {isa = PBXFileReference; lastKnownFileType = sourcecode.swift; path = AppMMTests.swift; sourceTree = "<group>"; };
		10ABB5E527B69A1500C566B1 /* AppMMUITests.xctest */ = {isa = PBXFileReference; explicitFileType = wrapper.cfbundle; includeInIndex = 0; path = AppMMUITests.xctest; sourceTree = BUILT_PRODUCTS_DIR; };
		10ABB5E927B69A1500C566B1 /* AppMMUITests.swift */ = {isa = PBXFileReference; lastKnownFileType = sourcecode.swift; path = AppMMUITests.swift; sourceTree = "<group>"; };
		10ABB5EB27B69A1500C566B1 /* AppMMUITestsLaunchTests.swift */ = {isa = PBXFileReference; lastKnownFileType = sourcecode.swift; path = AppMMUITestsLaunchTests.swift; sourceTree = "<group>"; };
		10ABB5F927B6A6D300C566B1 /* categories.json */ = {isa = PBXFileReference; fileEncoding = 4; lastKnownFileType = text.json; path = categories.json; sourceTree = "<group>"; };
		10ABB5FB27B6A8CA00C566B1 /* topic.json */ = {isa = PBXFileReference; fileEncoding = 4; lastKnownFileType = text.json; path = topic.json; sourceTree = "<group>"; };
		10ABB5FD27B6B28C00C566B1 /* detail.json */ = {isa = PBXFileReference; fileEncoding = 4; lastKnownFileType = text.json; path = detail.json; sourceTree = "<group>"; };
		10ABB5FF27B6BBC300C566B1 /* Info.plist */ = {isa = PBXFileReference; lastKnownFileType = text.plist; path = Info.plist; sourceTree = "<group>"; };
		10ABB60727B6BDC600C566B1 /* CodableBundleExtension.swift */ = {isa = PBXFileReference; lastKnownFileType = sourcecode.swift; path = CodableBundleExtension.swift; sourceTree = "<group>"; };
		10ABB60A27B6BE4500C566B1 /* Category.swift */ = {isa = PBXFileReference; lastKnownFileType = sourcecode.swift; path = Category.swift; sourceTree = "<group>"; };
		10ABB60E27B6C1DE00C566B1 /* ActionButtonView.swift */ = {isa = PBXFileReference; lastKnownFileType = sourcecode.swift; path = ActionButtonView.swift; sourceTree = "<group>"; };
		10ABB61027B6C3A900C566B1 /* CoverImageView.swift */ = {isa = PBXFileReference; lastKnownFileType = sourcecode.swift; path = CoverImageView.swift; sourceTree = "<group>"; };
		10ABB61227B6C8B800C566B1 /* TopicListItemView.swift */ = {isa = PBXFileReference; lastKnownFileType = sourcecode.swift; path = TopicListItemView.swift; sourceTree = "<group>"; };
		10C58B4E27B92C3A0026E1EF /* TopicDetailView.swift */ = {isa = PBXFileReference; lastKnownFileType = sourcecode.swift; path = TopicDetailView.swift; sourceTree = "<group>"; };
		10C58B5027B930B00026E1EF /* DetailHeaderView.swift */ = {isa = PBXFileReference; lastKnownFileType = sourcecode.swift; path = DetailHeaderView.swift; sourceTree = "<group>"; };
		10C58B5427B949860026E1EF /* ReadDetailContent.swift */ = {isa = PBXFileReference; lastKnownFileType = sourcecode.swift; path = ReadDetailContent.swift; sourceTree = "<group>"; };
		10C58B5627B96FEF0026E1EF /* LaunchScreen.swift */ = {isa = PBXFileReference; lastKnownFileType = sourcecode.swift; path = LaunchScreen.swift; sourceTree = "<group>"; };
		10DB0D4C27B701390005C0B0 /* Constants.swift */ = {isa = PBXFileReference; lastKnownFileType = sourcecode.swift; path = Constants.swift; sourceTree = "<group>"; };
		10DB0D4E27B701970005C0B0 /* Topics.swift */ = {isa = PBXFileReference; lastKnownFileType = sourcecode.swift; path = Topics.swift; sourceTree = "<group>"; };
		10DB0D5027B701A20005C0B0 /* Detail.swift */ = {isa = PBXFileReference; lastKnownFileType = sourcecode.swift; path = Detail.swift; sourceTree = "<group>"; };
		10DB0D5327B703430005C0B0 /* CustomShape.swift */ = {isa = PBXFileReference; lastKnownFileType = sourcecode.swift; path = CustomShape.swift; sourceTree = "<group>"; };
		10DB0D5727B703E20005C0B0 /* LogoView.swift */ = {isa = PBXFileReference; lastKnownFileType = sourcecode.swift; path = LogoView.swift; sourceTree = "<group>"; };
		10DB0D5927B704E20005C0B0 /* CategoryItemView.swift */ = {isa = PBXFileReference; lastKnownFileType = sourcecode.swift; path = CategoryItemView.swift; sourceTree = "<group>"; };
		10DB0D5B27B709430005C0B0 /* CategoryHeaderView.swift */ = {isa = PBXFileReference; lastKnownFileType = sourcecode.swift; path = CategoryHeaderView.swift; sourceTree = "<group>"; };
		10DB0D5D27B71EF50005C0B0 /* CategoryFilterButton.swift */ = {isa = PBXFileReference; lastKnownFileType = sourcecode.swift; path = CategoryFilterButton.swift; sourceTree = "<group>"; };
		10DB0D5F27B72B2F0005C0B0 /* NavigationBarView.swift */ = {isa = PBXFileReference; lastKnownFileType = sourcecode.swift; path = NavigationBarView.swift; sourceTree = "<group>"; };
		10DB0D6127B72D150005C0B0 /* ReadCategory.swift */ = {isa = PBXFileReference; lastKnownFileType = sourcecode.swift; path = ReadCategory.swift; sourceTree = "<group>"; };
		10DB0D6327B72EB60005C0B0 /* CategoryTopicsView.swift */ = {isa = PBXFileReference; lastKnownFileType = sourcecode.swift; path = CategoryTopicsView.swift; sourceTree = "<group>"; };
		10DB0D6627B7F1A50005C0B0 /* SingInfoView.swift */ = {isa = PBXFileReference; lastKnownFileType = sourcecode.swift; path = SingInfoView.swift; sourceTree = "<group>"; };
/* End PBXFileReference section */

/* Begin PBXFrameworksBuildPhase section */
		10ABB5C327B69A0F00C566B1 /* Frameworks */ = {
			isa = PBXFrameworksBuildPhase;
			buildActionMask = 2147483647;
			files = (
			);
			runOnlyForDeploymentPostprocessing = 0;
		};
		10ABB5D827B69A1500C566B1 /* Frameworks */ = {
			isa = PBXFrameworksBuildPhase;
			buildActionMask = 2147483647;
			files = (
			);
			runOnlyForDeploymentPostprocessing = 0;
		};
		10ABB5E227B69A1500C566B1 /* Frameworks */ = {
			isa = PBXFrameworksBuildPhase;
			buildActionMask = 2147483647;
			files = (
			);
			runOnlyForDeploymentPostprocessing = 0;
		};
/* End PBXFrameworksBuildPhase section */

/* Begin PBXGroup section */
		10ABB5BD27B69A0F00C566B1 = {
			isa = PBXGroup;
			children = (
				10ABB5C827B69A0F00C566B1 /* AppMM */,
				10ABB5DE27B69A1500C566B1 /* AppMMTests */,
				10ABB5E827B69A1500C566B1 /* AppMMUITests */,
				10ABB5C727B69A0F00C566B1 /* Products */,
			);
			sourceTree = "<group>";
		};
		10ABB5C727B69A0F00C566B1 /* Products */ = {
			isa = PBXGroup;
			children = (
				10ABB5C627B69A0F00C566B1 /* AppMM.app */,
				10ABB5DB27B69A1500C566B1 /* AppMMTests.xctest */,
				10ABB5E527B69A1500C566B1 /* AppMMUITests.xctest */,
			);
			name = Products;
			sourceTree = "<group>";
		};
		10ABB5C827B69A0F00C566B1 /* AppMM */ = {
			isa = PBXGroup;
			children = (
				10C58B5327B93A1C0026E1EF /* ViewModel */,
				10C58B5227B939A20026E1EF /* DBManagement */,
				10ABB60027B6BC9000C566B1 /* App */,
				10ABB60527B6BD4200C566B1 /* View */,
				10ABB5F827B6A5DF00C566B1 /* Data */,
				10ABB60927B6BE3600C566B1 /* Model */,
				10ABB60627B6BDAC00C566B1 /* Extension */,
				10DB0D4B27B6FFF70005C0B0 /* Utility */,
				10ABB5FF27B6BBC300C566B1 /* Info.plist */,
				10ABB5CD27B69A1500C566B1 /* Assets.xcassets */,
				10ABB5D427B69A1500C566B1 /* AppMM.xcdatamodeld */,
				10ABB5CF27B69A1500C566B1 /* Preview Content */,
			);
			path = AppMM;
			sourceTree = "<group>";
		};
		10ABB5CF27B69A1500C566B1 /* Preview Content */ = {
			isa = PBXGroup;
			children = (
				10ABB5D027B69A1500C566B1 /* Preview Assets.xcassets */,
			);
			path = "Preview Content";
			sourceTree = "<group>";
		};
		10ABB5DE27B69A1500C566B1 /* AppMMTests */ = {
			isa = PBXGroup;
			children = (
				10ABB5DF27B69A1500C566B1 /* AppMMTests.swift */,
			);
			path = AppMMTests;
			sourceTree = "<group>";
		};
		10ABB5E827B69A1500C566B1 /* AppMMUITests */ = {
			isa = PBXGroup;
			children = (
				10ABB5E927B69A1500C566B1 /* AppMMUITests.swift */,
				10ABB5EB27B69A1500C566B1 /* AppMMUITestsLaunchTests.swift */,
			);
			path = AppMMUITests;
			sourceTree = "<group>";
		};
		10ABB5F827B6A5DF00C566B1 /* Data */ = {
			isa = PBXGroup;
			children = (
				10ABB5FD27B6B28C00C566B1 /* detail.json */,
				10ABB5FB27B6A8CA00C566B1 /* topic.json */,
				10ABB5F927B6A6D300C566B1 /* categories.json */,
			);
			path = Data;
			sourceTree = "<group>";
		};
		10ABB60027B6BC9000C566B1 /* App */ = {
			isa = PBXGroup;
			children = (
				10ABB5CB27B69A0F00C566B1 /* ContentView.swift */,
				10ABB5C927B69A0F00C566B1 /* AppMMApp.swift */,
				10DB0D6327B72EB60005C0B0 /* CategoryTopicsView.swift */,
				10C58B4E27B92C3A0026E1EF /* TopicDetailView.swift */,
				10C58B5627B96FEF0026E1EF /* LaunchScreen.swift */,
			);
			path = App;
			sourceTree = "<group>";
		};
		10ABB60527B6BD4200C566B1 /* View */ = {
			isa = PBXGroup;
			children = (
				10DB0D6527B7DECC0005C0B0 /* TopicList */,
				10DB0D5627B703840005C0B0 /* Detail */,
				10DB0D5527B703750005C0B0 /* Home */,
				10DB0D6627B7F1A50005C0B0 /* SingInfoView.swift */,
			);
			path = View;
			sourceTree = "<group>";
		};
		10ABB60627B6BDAC00C566B1 /* Extension */ = {
			isa = PBXGroup;
			children = (
				10ABB60727B6BDC600C566B1 /* CodableBundleExtension.swift */,
			);
			path = Extension;
			sourceTree = "<group>";
		};
		10ABB60927B6BE3600C566B1 /* Model */ = {
			isa = PBXGroup;
			children = (
				10ABB60A27B6BE4500C566B1 /* Category.swift */,
				10DB0D4E27B701970005C0B0 /* Topics.swift */,
				10DB0D5027B701A20005C0B0 /* Detail.swift */,
			);
			path = Model;
			sourceTree = "<group>";
		};
		10C58B5227B939A20026E1EF /* DBManagement */ = {
			isa = PBXGroup;
			children = (
				10ABB5D227B69A1500C566B1 /* Persistence.swift */,
			);
			path = DBManagement;
			sourceTree = "<group>";
		};
		10C58B5327B93A1C0026E1EF /* ViewModel */ = {
			isa = PBXGroup;
			children = (
				10DB0D6127B72D150005C0B0 /* ReadCategory.swift */,
				10C58B5427B949860026E1EF /* ReadDetailContent.swift */,
			);
			path = ViewModel;
			sourceTree = "<group>";
		};
		10DB0D4B27B6FFF70005C0B0 /* Utility */ = {
			isa = PBXGroup;
			children = (
				10DB0D4C27B701390005C0B0 /* Constants.swift */,
				10DB0D5327B703430005C0B0 /* CustomShape.swift */,
			);
			path = Utility;
			sourceTree = "<group>";
		};
		10DB0D5527B703750005C0B0 /* Home */ = {
			isa = PBXGroup;
			children = (
				10DB0D5727B703E20005C0B0 /* LogoView.swift */,
				10DB0D5927B704E20005C0B0 /* CategoryItemView.swift */,
				10DB0D5B27B709430005C0B0 /* CategoryHeaderView.swift */,
				10DB0D5D27B71EF50005C0B0 /* CategoryFilterButton.swift */,
				10DB0D5F27B72B2F0005C0B0 /* NavigationBarView.swift */,
			);
			path = Home;
			sourceTree = "<group>";
		};
		10DB0D5627B703840005C0B0 /* Detail */ = {
			isa = PBXGroup;
			children = (
				10C58B5027B930B00026E1EF /* DetailHeaderView.swift */,
			);
			path = Detail;
			sourceTree = "<group>";
		};
		10DB0D6527B7DECC0005C0B0 /* TopicList */ = {
			isa = PBXGroup;
			children = (
				10ABB60E27B6C1DE00C566B1 /* ActionButtonView.swift */,
				10ABB61227B6C8B800C566B1 /* TopicListItemView.swift */,
				10ABB61027B6C3A900C566B1 /* CoverImageView.swift */,
			);
			path = TopicList;
			sourceTree = "<group>";
		};
/* End PBXGroup section */

/* Begin PBXNativeTarget section */
		10ABB5C527B69A0F00C566B1 /* AppMM */ = {
			isa = PBXNativeTarget;
			buildConfigurationList = 10ABB5EF27B69A1500C566B1 /* Build configuration list for PBXNativeTarget "AppMM" */;
			buildPhases = (
				10ABB5C227B69A0F00C566B1 /* Sources */,
				10ABB5C327B69A0F00C566B1 /* Frameworks */,
				10ABB5C427B69A0F00C566B1 /* Resources */,
			);
			buildRules = (
			);
			dependencies = (
			);
			name = AppMM;
			productName = AppMM;
			productReference = 10ABB5C627B69A0F00C566B1 /* AppMM.app */;
			productType = "com.apple.product-type.application";
		};
		10ABB5DA27B69A1500C566B1 /* AppMMTests */ = {
			isa = PBXNativeTarget;
			buildConfigurationList = 10ABB5F227B69A1500C566B1 /* Build configuration list for PBXNativeTarget "AppMMTests" */;
			buildPhases = (
				10ABB5D727B69A1500C566B1 /* Sources */,
				10ABB5D827B69A1500C566B1 /* Frameworks */,
				10ABB5D927B69A1500C566B1 /* Resources */,
			);
			buildRules = (
			);
			dependencies = (
				10ABB5DD27B69A1500C566B1 /* PBXTargetDependency */,
			);
			name = AppMMTests;
			productName = AppMMTests;
			productReference = 10ABB5DB27B69A1500C566B1 /* AppMMTests.xctest */;
			productType = "com.apple.product-type.bundle.unit-test";
		};
		10ABB5E427B69A1500C566B1 /* AppMMUITests */ = {
			isa = PBXNativeTarget;
			buildConfigurationList = 10ABB5F527B69A1500C566B1 /* Build configuration list for PBXNativeTarget "AppMMUITests" */;
			buildPhases = (
				10ABB5E127B69A1500C566B1 /* Sources */,
				10ABB5E227B69A1500C566B1 /* Frameworks */,
				10ABB5E327B69A1500C566B1 /* Resources */,
			);
			buildRules = (
			);
			dependencies = (
				10ABB5E727B69A1500C566B1 /* PBXTargetDependency */,
			);
			name = AppMMUITests;
			productName = AppMMUITests;
			productReference = 10ABB5E527B69A1500C566B1 /* AppMMUITests.xctest */;
			productType = "com.apple.product-type.bundle.ui-testing";
		};
/* End PBXNativeTarget section */

/* Begin PBXProject section */
		10ABB5BE27B69A0F00C566B1 /* Project object */ = {
			isa = PBXProject;
			attributes = {
				BuildIndependentTargetsInParallel = 1;
				LastSwiftUpdateCheck = 1310;
				LastUpgradeCheck = 1310;
				TargetAttributes = {
					10ABB5C527B69A0F00C566B1 = {
						CreatedOnToolsVersion = 13.1;
					};
					10ABB5DA27B69A1500C566B1 = {
						CreatedOnToolsVersion = 13.1;
						TestTargetID = 10ABB5C527B69A0F00C566B1;
					};
					10ABB5E427B69A1500C566B1 = {
						CreatedOnToolsVersion = 13.1;
						TestTargetID = 10ABB5C527B69A0F00C566B1;
					};
				};
			};
			buildConfigurationList = 10ABB5C127B69A0F00C566B1 /* Build configuration list for PBXProject "AppMM" */;
			compatibilityVersion = "Xcode 13.0";
			developmentRegion = en;
			hasScannedForEncodings = 0;
			knownRegions = (
				en,
				Base,
			);
			mainGroup = 10ABB5BD27B69A0F00C566B1;
			productRefGroup = 10ABB5C727B69A0F00C566B1 /* Products */;
			projectDirPath = "";
			projectRoot = "";
			targets = (
				10ABB5C527B69A0F00C566B1 /* AppMM */,
				10ABB5DA27B69A1500C566B1 /* AppMMTests */,
				10ABB5E427B69A1500C566B1 /* AppMMUITests */,
			);
		};
/* End PBXProject section */

/* Begin PBXResourcesBuildPhase section */
		10ABB5C427B69A0F00C566B1 /* Resources */ = {
			isa = PBXResourcesBuildPhase;
			buildActionMask = 2147483647;
			files = (
				10ABB5D127B69A1500C566B1 /* Preview Assets.xcassets in Resources */,
				10ABB5FC27B6A8CA00C566B1 /* topic.json in Resources */,
				10ABB5FA27B6A6D300C566B1 /* categories.json in Resources */,
				10ABB5FE27B6B28C00C566B1 /* detail.json in Resources */,
				10ABB5CE27B69A1500C566B1 /* Assets.xcassets in Resources */,
			);
			runOnlyForDeploymentPostprocessing = 0;
		};
		10ABB5D927B69A1500C566B1 /* Resources */ = {
			isa = PBXResourcesBuildPhase;
			buildActionMask = 2147483647;
			files = (
			);
			runOnlyForDeploymentPostprocessing = 0;
		};
		10ABB5E327B69A1500C566B1 /* Resources */ = {
			isa = PBXResourcesBuildPhase;
			buildActionMask = 2147483647;
			files = (
			);
			runOnlyForDeploymentPostprocessing = 0;
		};
/* End PBXResourcesBuildPhase section */

/* Begin PBXSourcesBuildPhase section */
		10ABB5C227B69A0F00C566B1 /* Sources */ = {
			isa = PBXSourcesBuildPhase;
			buildActionMask = 2147483647;
			files = (
				10ABB5D327B69A1500C566B1 /* Persistence.swift in Sources */,
				10ABB61127B6C3A900C566B1 /* CoverImageView.swift in Sources */,
				10ABB5D627B69A1500C566B1 /* AppMM.xcdatamodeld in Sources */,
				10C58B5127B930B00026E1EF /* DetailHeaderView.swift in Sources */,
				10ABB5CC27B69A0F00C566B1 /* ContentView.swift in Sources */,
				10DB0D5A27B704E30005C0B0 /* CategoryItemView.swift in Sources */,
				10DB0D5827B703E20005C0B0 /* LogoView.swift in Sources */,
				10DB0D6427B72EB60005C0B0 /* CategoryTopicsView.swift in Sources */,
				10DB0D5427B703430005C0B0 /* CustomShape.swift in Sources */,
				10ABB5CA27B69A0F00C566B1 /* AppMMApp.swift in Sources */,
				10DB0D6727B7F1A50005C0B0 /* SingInfoView.swift in Sources */,
				10DB0D6027B72B2F0005C0B0 /* NavigationBarView.swift in Sources */,
				10C58B5527B949860026E1EF /* ReadDetailContent.swift in Sources */,
				10ABB60B27B6BE4500C566B1 /* Category.swift in Sources */,
				10ABB60F27B6C1DE00C566B1 /* ActionButtonView.swift in Sources */,
				10DB0D5C27B709430005C0B0 /* CategoryHeaderView.swift in Sources */,
				10DB0D5127B701A20005C0B0 /* Detail.swift in Sources */,
				10DB0D5E27B71EF50005C0B0 /* CategoryFilterButton.swift in Sources */,
				10DB0D4F27B701970005C0B0 /* Topics.swift in Sources */,
				10C58B4F27B92C3A0026E1EF /* TopicDetailView.swift in Sources */,
				10ABB60827B6BDC600C566B1 /* CodableBundleExtension.swift in Sources */,
				10ABB61327B6C8B800C566B1 /* TopicListItemView.swift in Sources */,
				10C58B5727B96FF00026E1EF /* LaunchScreen.swift in Sources */,
				10DB0D6227B72D160005C0B0 /* ReadCategory.swift in Sources */,
				10DB0D4D27B701390005C0B0 /* Constants.swift in Sources */,
			);
			runOnlyForDeploymentPostprocessing = 0;
		};
		10ABB5D727B69A1500C566B1 /* Sources */ = {
			isa = PBXSourcesBuildPhase;
			buildActionMask = 2147483647;
			files = (
				10ABB5E027B69A1500C566B1 /* AppMMTests.swift in Sources */,
			);
			runOnlyForDeploymentPostprocessing = 0;
		};
		10ABB5E127B69A1500C566B1 /* Sources */ = {
			isa = PBXSourcesBuildPhase;
			buildActionMask = 2147483647;
			files = (
				10ABB5EC27B69A1500C566B1 /* AppMMUITestsLaunchTests.swift in Sources */,
				10ABB5EA27B69A1500C566B1 /* AppMMUITests.swift in Sources */,
			);
			runOnlyForDeploymentPostprocessing = 0;
		};
/* End PBXSourcesBuildPhase section */

/* Begin PBXTargetDependency section */
		10ABB5DD27B69A1500C566B1 /* PBXTargetDependency */ = {
			isa = PBXTargetDependency;
			target = 10ABB5C527B69A0F00C566B1 /* AppMM */;
			targetProxy = 10ABB5DC27B69A1500C566B1 /* PBXContainerItemProxy */;
		};
		10ABB5E727B69A1500C566B1 /* PBXTargetDependency */ = {
			isa = PBXTargetDependency;
			target = 10ABB5C527B69A0F00C566B1 /* AppMM */;
			targetProxy = 10ABB5E627B69A1500C566B1 /* PBXContainerItemProxy */;
		};
/* End PBXTargetDependency section */

/* Begin XCBuildConfiguration section */
		10ABB5ED27B69A1500C566B1 /* Debug */ = {
			isa = XCBuildConfiguration;
			buildSettings = {
				ALWAYS_SEARCH_USER_PATHS = NO;
				CLANG_ANALYZER_NONNULL = YES;
				CLANG_ANALYZER_NUMBER_OBJECT_CONVERSION = YES_AGGRESSIVE;
				CLANG_CXX_LANGUAGE_STANDARD = "gnu++17";
				CLANG_CXX_LIBRARY = "libc++";
				CLANG_ENABLE_MODULES = YES;
				CLANG_ENABLE_OBJC_ARC = YES;
				CLANG_ENABLE_OBJC_WEAK = YES;
				CLANG_WARN_BLOCK_CAPTURE_AUTORELEASING = YES;
				CLANG_WARN_BOOL_CONVERSION = YES;
				CLANG_WARN_COMMA = YES;
				CLANG_WARN_CONSTANT_CONVERSION = YES;
				CLANG_WARN_DEPRECATED_OBJC_IMPLEMENTATIONS = YES;
				CLANG_WARN_DIRECT_OBJC_ISA_USAGE = YES_ERROR;
				CLANG_WARN_DOCUMENTATION_COMMENTS = YES;
				CLANG_WARN_EMPTY_BODY = YES;
				CLANG_WARN_ENUM_CONVERSION = YES;
				CLANG_WARN_INFINITE_RECURSION = YES;
				CLANG_WARN_INT_CONVERSION = YES;
				CLANG_WARN_NON_LITERAL_NULL_CONVERSION = YES;
				CLANG_WARN_OBJC_IMPLICIT_RETAIN_SELF = YES;
				CLANG_WARN_OBJC_LITERAL_CONVERSION = YES;
				CLANG_WARN_OBJC_ROOT_CLASS = YES_ERROR;
				CLANG_WARN_QUOTED_INCLUDE_IN_FRAMEWORK_HEADER = YES;
				CLANG_WARN_RANGE_LOOP_ANALYSIS = YES;
				CLANG_WARN_STRICT_PROTOTYPES = YES;
				CLANG_WARN_SUSPICIOUS_MOVE = YES;
				CLANG_WARN_UNGUARDED_AVAILABILITY = YES_AGGRESSIVE;
				CLANG_WARN_UNREACHABLE_CODE = YES;
				CLANG_WARN__DUPLICATE_METHOD_MATCH = YES;
				COPY_PHASE_STRIP = NO;
				DEBUG_INFORMATION_FORMAT = dwarf;
				ENABLE_STRICT_OBJC_MSGSEND = YES;
				ENABLE_TESTABILITY = YES;
				GCC_C_LANGUAGE_STANDARD = gnu11;
				GCC_DYNAMIC_NO_PIC = NO;
				GCC_NO_COMMON_BLOCKS = YES;
				GCC_OPTIMIZATION_LEVEL = 0;
				GCC_PREPROCESSOR_DEFINITIONS = (
					"DEBUG=1",
					"$(inherited)",
				);
				GCC_WARN_64_TO_32_BIT_CONVERSION = YES;
				GCC_WARN_ABOUT_RETURN_TYPE = YES_ERROR;
				GCC_WARN_UNDECLARED_SELECTOR = YES;
				GCC_WARN_UNINITIALIZED_AUTOS = YES_AGGRESSIVE;
				GCC_WARN_UNUSED_FUNCTION = YES;
				GCC_WARN_UNUSED_VARIABLE = YES;
				IPHONEOS_DEPLOYMENT_TARGET = 15.0;
				MTL_ENABLE_DEBUG_INFO = INCLUDE_SOURCE;
				MTL_FAST_MATH = YES;
				ONLY_ACTIVE_ARCH = YES;
				SDKROOT = iphoneos;
				SWIFT_ACTIVE_COMPILATION_CONDITIONS = DEBUG;
				SWIFT_OPTIMIZATION_LEVEL = "-Onone";
			};
			name = Debug;
		};
		10ABB5EE27B69A1500C566B1 /* Release */ = {
			isa = XCBuildConfiguration;
			buildSettings = {
				ALWAYS_SEARCH_USER_PATHS = NO;
				CLANG_ANALYZER_NONNULL = YES;
				CLANG_ANALYZER_NUMBER_OBJECT_CONVERSION = YES_AGGRESSIVE;
				CLANG_CXX_LANGUAGE_STANDARD = "gnu++17";
				CLANG_CXX_LIBRARY = "libc++";
				CLANG_ENABLE_MODULES = YES;
				CLANG_ENABLE_OBJC_ARC = YES;
				CLANG_ENABLE_OBJC_WEAK = YES;
				CLANG_WARN_BLOCK_CAPTURE_AUTORELEASING = YES;
				CLANG_WARN_BOOL_CONVERSION = YES;
				CLANG_WARN_COMMA = YES;
				CLANG_WARN_CONSTANT_CONVERSION = YES;
				CLANG_WARN_DEPRECATED_OBJC_IMPLEMENTATIONS = YES;
				CLANG_WARN_DIRECT_OBJC_ISA_USAGE = YES_ERROR;
				CLANG_WARN_DOCUMENTATION_COMMENTS = YES;
				CLANG_WARN_EMPTY_BODY = YES;
				CLANG_WARN_ENUM_CONVERSION = YES;
				CLANG_WARN_INFINITE_RECURSION = YES;
				CLANG_WARN_INT_CONVERSION = YES;
				CLANG_WARN_NON_LITERAL_NULL_CONVERSION = YES;
				CLANG_WARN_OBJC_IMPLICIT_RETAIN_SELF = YES;
				CLANG_WARN_OBJC_LITERAL_CONVERSION = YES;
				CLANG_WARN_OBJC_ROOT_CLASS = YES_ERROR;
				CLANG_WARN_QUOTED_INCLUDE_IN_FRAMEWORK_HEADER = YES;
				CLANG_WARN_RANGE_LOOP_ANALYSIS = YES;
				CLANG_WARN_STRICT_PROTOTYPES = YES;
				CLANG_WARN_SUSPICIOUS_MOVE = YES;
				CLANG_WARN_UNGUARDED_AVAILABILITY = YES_AGGRESSIVE;
				CLANG_WARN_UNREACHABLE_CODE = YES;
				CLANG_WARN__DUPLICATE_METHOD_MATCH = YES;
				COPY_PHASE_STRIP = NO;
				DEBUG_INFORMATION_FORMAT = "dwarf-with-dsym";
				ENABLE_NS_ASSERTIONS = NO;
				ENABLE_STRICT_OBJC_MSGSEND = YES;
				GCC_C_LANGUAGE_STANDARD = gnu11;
				GCC_NO_COMMON_BLOCKS = YES;
				GCC_WARN_64_TO_32_BIT_CONVERSION = YES;
				GCC_WARN_ABOUT_RETURN_TYPE = YES_ERROR;
				GCC_WARN_UNDECLARED_SELECTOR = YES;
				GCC_WARN_UNINITIALIZED_AUTOS = YES_AGGRESSIVE;
				GCC_WARN_UNUSED_FUNCTION = YES;
				GCC_WARN_UNUSED_VARIABLE = YES;
				IPHONEOS_DEPLOYMENT_TARGET = 15.0;
				MTL_ENABLE_DEBUG_INFO = NO;
				MTL_FAST_MATH = YES;
				SDKROOT = iphoneos;
				SWIFT_COMPILATION_MODE = wholemodule;
				SWIFT_OPTIMIZATION_LEVEL = "-O";
				VALIDATE_PRODUCT = YES;
			};
			name = Release;
		};
		10ABB5F027B69A1500C566B1 /* Debug */ = {
			isa = XCBuildConfiguration;
			buildSettings = {
				ASSETCATALOG_COMPILER_APPICON_NAME = AppIcon;
				ASSETCATALOG_COMPILER_GLOBAL_ACCENT_COLOR_NAME = AccentColor;
				CODE_SIGN_STYLE = Automatic;
				CURRENT_PROJECT_VERSION = 1;
				DEVELOPMENT_ASSET_PATHS = "\"AppMM/Preview Content\"";
				DEVELOPMENT_TEAM = GQ3DTQGNTX;
				ENABLE_PREVIEWS = YES;
				GENERATE_INFOPLIST_FILE = YES;
				INFOPLIST_FILE = AppMM/Info.plist;
				INFOPLIST_KEY_UIApplicationSceneManifest_Generation = YES;
				INFOPLIST_KEY_UIApplicationSupportsIndirectInputEvents = YES;
				INFOPLIST_KEY_UISupportedInterfaceOrientations_iPad = "UIInterfaceOrientationPortrait UIInterfaceOrientationPortraitUpsideDown UIInterfaceOrientationLandscapeLeft UIInterfaceOrientationLandscapeRight";
				INFOPLIST_KEY_UISupportedInterfaceOrientations_iPhone = "UIInterfaceOrientationPortrait UIInterfaceOrientationLandscapeLeft UIInterfaceOrientationLandscapeRight";
				INFOPLIST_KEY_UIUserInterfaceStyle = Dark;
				LD_RUNPATH_SEARCH_PATHS = (
					"$(inherited)",
					"@executable_path/Frameworks",
				);
				MARKETING_VERSION = 1.0;
				PRODUCT_BUNDLE_IDENTIFIER = com.seyhan.mehmetcan.AppMM;
				PRODUCT_NAME = "$(TARGET_NAME)";
				SWIFT_EMIT_LOC_STRINGS = YES;
				SWIFT_VERSION = 5.0;
				TARGETED_DEVICE_FAMILY = "1,2";
			};
			name = Debug;
		};
		10ABB5F127B69A1500C566B1 /* Release */ = {
			isa = XCBuildConfiguration;
			buildSettings = {
				ASSETCATALOG_COMPILER_APPICON_NAME = AppIcon;
				ASSETCATALOG_COMPILER_GLOBAL_ACCENT_COLOR_NAME = AccentColor;
				CODE_SIGN_STYLE = Automatic;
				CURRENT_PROJECT_VERSION = 1;
				DEVELOPMENT_ASSET_PATHS = "\"AppMM/Preview Content\"";
				DEVELOPMENT_TEAM = GQ3DTQGNTX;
				ENABLE_PREVIEWS = YES;
				GENERATE_INFOPLIST_FILE = YES;
				INFOPLIST_FILE = AppMM/Info.plist;
				INFOPLIST_KEY_UIApplicationSceneManifest_Generation = YES;
				INFOPLIST_KEY_UIApplicationSupportsIndirectInputEvents = YES;
				INFOPLIST_KEY_UISupportedInterfaceOrientations_iPad = "UIInterfaceOrientationPortrait UIInterfaceOrientationPortraitUpsideDown UIInterfaceOrientationLandscapeLeft UIInterfaceOrientationLandscapeRight";
				INFOPLIST_KEY_UISupportedInterfaceOrientations_iPhone = "UIInterfaceOrientationPortrait UIInterfaceOrientationLandscapeLeft UIInterfaceOrientationLandscapeRight";
				INFOPLIST_KEY_UIUserInterfaceStyle = Dark;
				LD_RUNPATH_SEARCH_PATHS = (
					"$(inherited)",
					"@executable_path/Frameworks",
				);
				MARKETING_VERSION = 1.0;
				PRODUCT_BUNDLE_IDENTIFIER = com.seyhan.mehmetcan.AppMM;
				PRODUCT_NAME = "$(TARGET_NAME)";
				SWIFT_EMIT_LOC_STRINGS = YES;
				SWIFT_VERSION = 5.0;
				TARGETED_DEVICE_FAMILY = "1,2";
			};
			name = Release;
		};
		10ABB5F327B69A1500C566B1 /* Debug */ = {
			isa = XCBuildConfiguration;
			buildSettings = {
				ALWAYS_EMBED_SWIFT_STANDARD_LIBRARIES = YES;
				BUNDLE_LOADER = "$(TEST_HOST)";
				CODE_SIGN_STYLE = Automatic;
				CURRENT_PROJECT_VERSION = 1;
				DEVELOPMENT_TEAM = GQ3DTQGNTX;
				GENERATE_INFOPLIST_FILE = YES;
				IPHONEOS_DEPLOYMENT_TARGET = 15.0;
				LD_RUNPATH_SEARCH_PATHS = (
					"$(inherited)",
					"@executable_path/Frameworks",
					"@loader_path/Frameworks",
				);
				MARKETING_VERSION = 1.0;
				PRODUCT_BUNDLE_IDENTIFIER = com.seyhan.mehmetcan.AppMMTests;
				PRODUCT_NAME = "$(TARGET_NAME)";
				SWIFT_EMIT_LOC_STRINGS = NO;
				SWIFT_VERSION = 5.0;
				TARGETED_DEVICE_FAMILY = "1,2";
				TEST_HOST = "$(BUILT_PRODUCTS_DIR)/AppMM.app/AppMM";
			};
			name = Debug;
		};
		10ABB5F427B69A1500C566B1 /* Release */ = {
			isa = XCBuildConfiguration;
			buildSettings = {
				ALWAYS_EMBED_SWIFT_STANDARD_LIBRARIES = YES;
				BUNDLE_LOADER = "$(TEST_HOST)";
				CODE_SIGN_STYLE = Automatic;
				CURRENT_PROJECT_VERSION = 1;
				DEVELOPMENT_TEAM = GQ3DTQGNTX;
				GENERATE_INFOPLIST_FILE = YES;
				IPHONEOS_DEPLOYMENT_TARGET = 15.0;
				LD_RUNPATH_SEARCH_PATHS = (
					"$(inherited)",
					"@executable_path/Frameworks",
					"@loader_path/Frameworks",
				);
				MARKETING_VERSION = 1.0;
				PRODUCT_BUNDLE_IDENTIFIER = com.seyhan.mehmetcan.AppMMTests;
				PRODUCT_NAME = "$(TARGET_NAME)";
				SWIFT_EMIT_LOC_STRINGS = NO;
				SWIFT_VERSION = 5.0;
				TARGETED_DEVICE_FAMILY = "1,2";
				TEST_HOST = "$(BUILT_PRODUCTS_DIR)/AppMM.app/AppMM";
			};
			name = Release;
		};
		10ABB5F627B69A1500C566B1 /* Debug */ = {
			isa = XCBuildConfiguration;
			buildSettings = {
				ALWAYS_EMBED_SWIFT_STANDARD_LIBRARIES = YES;
				CODE_SIGN_STYLE = Automatic;
				CURRENT_PROJECT_VERSION = 1;
				DEVELOPMENT_TEAM = GQ3DTQGNTX;
				GENERATE_INFOPLIST_FILE = YES;
				LD_RUNPATH_SEARCH_PATHS = (
					"$(inherited)",
					"@executable_path/Frameworks",
					"@loader_path/Frameworks",
				);
				MARKETING_VERSION = 1.0;
				PRODUCT_BUNDLE_IDENTIFIER = com.seyhan.mehmetcan.AppMMUITests;
				PRODUCT_NAME = "$(TARGET_NAME)";
				SWIFT_EMIT_LOC_STRINGS = NO;
				SWIFT_VERSION = 5.0;
				TARGETED_DEVICE_FAMILY = "1,2";
				TEST_TARGET_NAME = AppMM;
			};
			name = Debug;
		};
		10ABB5F727B69A1500C566B1 /* Release */ = {
			isa = XCBuildConfiguration;
			buildSettings = {
				ALWAYS_EMBED_SWIFT_STANDARD_LIBRARIES = YES;
				CODE_SIGN_STYLE = Automatic;
				CURRENT_PROJECT_VERSION = 1;
				DEVELOPMENT_TEAM = GQ3DTQGNTX;
				GENERATE_INFOPLIST_FILE = YES;
				LD_RUNPATH_SEARCH_PATHS = (
					"$(inherited)",
					"@executable_path/Frameworks",
					"@loader_path/Frameworks",
				);
				MARKETING_VERSION = 1.0;
				PRODUCT_BUNDLE_IDENTIFIER = com.seyhan.mehmetcan.AppMMUITests;
				PRODUCT_NAME = "$(TARGET_NAME)";
				SWIFT_EMIT_LOC_STRINGS = NO;
				SWIFT_VERSION = 5.0;
				TARGETED_DEVICE_FAMILY = "1,2";
				TEST_TARGET_NAME = AppMM;
			};
			name = Release;
		};
/* End XCBuildConfiguration section */

/* Begin XCConfigurationList section */
		10ABB5C127B69A0F00C566B1 /* Build configuration list for PBXProject "AppMM" */ = {
			isa = XCConfigurationList;
			buildConfigurations = (
				10ABB5ED27B69A1500C566B1 /* Debug */,
				10ABB5EE27B69A1500C566B1 /* Release */,
			);
			defaultConfigurationIsVisible = 0;
			defaultConfigurationName = Release;
		};
		10ABB5EF27B69A1500C566B1 /* Build configuration list for PBXNativeTarget "AppMM" */ = {
			isa = XCConfigurationList;
			buildConfigurations = (
				10ABB5F027B69A1500C566B1 /* Debug */,
				10ABB5F127B69A1500C566B1 /* Release */,
			);
			defaultConfigurationIsVisible = 0;
			defaultConfigurationName = Release;
		};
		10ABB5F227B69A1500C566B1 /* Build configuration list for PBXNativeTarget "AppMMTests" */ = {
			isa = XCConfigurationList;
			buildConfigurations = (
				10ABB5F327B69A1500C566B1 /* Debug */,
				10ABB5F427B69A1500C566B1 /* Release */,
			);
			defaultConfigurationIsVisible = 0;
			defaultConfigurationName = Release;
		};
		10ABB5F527B69A1500C566B1 /* Build configuration list for PBXNativeTarget "AppMMUITests" */ = {
			isa = XCConfigurationList;
			buildConfigurations = (
				10ABB5F627B69A1500C566B1 /* Debug */,
				10ABB5F727B69A1500C566B1 /* Release */,
			);
			defaultConfigurationIsVisible = 0;
			defaultConfigurationName = Release;
		};
/* End XCConfigurationList section */

/* Begin XCVersionGroup section */
		10ABB5D427B69A1500C566B1 /* AppMM.xcdatamodeld */ = {
			isa = XCVersionGroup;
			children = (
				10ABB5D527B69A1500C566B1 /* AppMM.xcdatamodel */,
			);
			currentVersion = 10ABB5D527B69A1500C566B1 /* AppMM.xcdatamodel */;
			path = AppMM.xcdatamodeld;
			sourceTree = "<group>";
			versionGroupType = wrapper.xcdatamodel;
		};
/* End XCVersionGroup section */
	};
	rootObject = 10ABB5BE27B69A0F00C566B1 /* Project object */;
}
