// !$*UTF8*$!
{
	archiveVersion = 1;
	classes = {
	};
	objectVersion = 55;
	objects = {

/* Begin PBXBuildFile section */
		10ABB5CA27B69A0F00C566B1 /* AppMMApp.swift in Sources */ = {isa = PBXBuildFile; fileRef = 10ABB5C927B69A0F00C566B1 /* AppMMApp.swift */; };
		10ABB5CC27B69A0F00C566B1 /* ContentView.swift in Sources */ = {isa = PBXBuildFile; fileRef = 10ABB5CB27B69A0F00C566B1 /* ContentView.swift */; };
		10ABB5CE27B69A1500C566B1 /* Assets.xcassets in Resources */ = {isa = PBXBuildFile; fileRef = 10ABB5CD27B69A1500C566B1 /* Assets.xcassets */; };
		10ABB5D127B69A1500C566B1 /* Preview Assets.xcassets in Resources */ = {isa = PBXBuildFile; fileRef = 10ABB5D027B69A1500C566B1 /* Preview Assets.xcassets */; };
		10ABB5D327B69A1500C566B1 /* Persistence.swift in Sources */ = {isa = PBXBuildFile; fileRef = 10ABB5D227B69A1500C566B1 /* Persistence.swift */; };
		10ABB5D627B69A1500C566B1 /* AppMM.xcdatamodeld in Sources */ = {isa = PBXBuildFile; fileRef = 10ABB5D427B69A1500C566B1 /* AppMM.xcdatamodeld */; };
		10ABB5E027B69A1500C566B1 /* AppMMTests.swift in Sources */ = {isa = PBXBuildFile; fileRef = 10ABB5DF27B69A1500C566B1 /* AppMMTests.swift */; };
		10ABB5EA27B69A1500C566B1 /* AppMMUITests.swift in Sources */ = {isa = PBXBuildFile; fileRef = 10ABB5E927B69A1500C566B1 /* AppMMUITests.swift */; };
		10ABB5EC27B69A1500C566B1 /* AppMMUITestsLaunchTests.swift in Sources */ = {isa = PBXBuildFile; fileRef = 10ABB5EB27B69A1500C566B1 /* AppMMUITestsLaunchTests.swift */; };
/* End PBXBuildFile section */

/* Begin PBXContainerItemProxy section */
		10ABB5DC27B69A1500C566B1 /* PBXContainerItemProxy */ = {
			isa = PBXContainerItemProxy;
			containerPortal = 10ABB5BE27B69A0F00C566B1 /* Project object */;
			proxyType = 1;
			remoteGlobalIDString = 10ABB5C527B69A0F00C566B1;
			remoteInfo = AppMM;
		};
		10ABB5E627B69A1500C566B1 /* PBXContainerItemProxy */ = {
			isa = PBXContainerItemProxy;
			containerPortal = 10ABB5BE27B69A0F00C566B1 /* Project object */;
			proxyType = 1;
			remoteGlobalIDString = 10ABB5C527B69A0F00C566B1;
			remoteInfo = AppMM;
		};
/* End PBXContainerItemProxy section */

/* Begin PBXFileReference section */
		10ABB5C627B69A0F00C566B1 /* AppMM.app */ = {isa = PBXFileReference; explicitFileType = wrapper.application; includeInIndex = 0; path = AppMM.app; sourceTree = BUILT_PRODUCTS_DIR; };
		10ABB5C927B69A0F00C566B1 /* AppMMApp.swift */ = {isa = PBXFileReference; lastKnownFileType = sourcecode.swift; path = AppMMApp.swift; sourceTree = "<group>"; };
		10ABB5CB27B69A0F00C566B1 /* ContentView.swift */ = {isa = PBXFileReference; lastKnownFileType = sourcecode.swift; path = ContentView.swift; sourceTree = "<group>"; };
		10ABB5CD27B69A1500C566B1 /* Assets.xcassets */ = {isa = PBXFileReference; lastKnownFileType = folder.assetcatalog; path = Assets.xcassets; sourceTree = "<group>"; };
		10ABB5D027B69A1500C566B1 /* Preview Assets.xcassets */ = {isa = PBXFileReference; lastKnownFileType = folder.assetcatalog; path = "Preview Assets.xcassets"; sourceTree = "<group>"; };
		10ABB5D227B69A1500C566B1 /* Persistence.swift */ = {isa = PBXFileReference; lastKnownFileType = sourcecode.swift; path = Persistence.swift; sourceTree = "<group>"; };
		10ABB5D527B69A1500C566B1 /* AppMM.xcdatamodel */ = {isa = PBXFileReference; lastKnownFileType = wrapper.xcdatamodel; path = AppMM.xcdatamodel; sourceTree = "<group>"; };
		10ABB5DB27B69A1500C566B1 /* AppMMTests.xctest */ = {isa = PBXFileReference; explicitFileType = wrapper.cfbundle; includeInIndex = 0; path = AppMMTests.xctest; sourceTree = BUILT_PRODUCTS_DIR; };
		10ABB5DF27B69A1500C566B1 /* AppMMTests.swift */ = {isa = PBXFileReference; lastKnownFileType = sourcecode.swift; path = AppMMTests.swift; sourceTree = "<group>"; };
		10ABB5E527B69A1500C566B1 /* AppMMUITests.xctest */ = {isa = PBXFileReference; explicitFileType = wrapper.cfbundle; includeInIndex = 0; path = AppMMUITests.xctest; sourceTree = BUILT_PRODUCTS_DIR; };
		10ABB5E927B69A1500C566B1 /* AppMMUITests.swift */ = {isa = PBXFileReference; lastKnownFileType = sourcecode.swift; path = AppMMUITests.swift; sourceTree = "<group>"; };
		10ABB5EB27B69A1500C566B1 /* AppMMUITestsLaunchTests.swift */ = {isa = PBXFileReference; lastKnownFileType = sourcecode.swift; path = AppMMUITestsLaunchTests.swift; sourceTree = "<group>"; };
/* End PBXFileReference section */

/* Begin PBXFrameworksBuildPhase section */
		10ABB5C327B69A0F00C566B1 /* Frameworks */ = {
			isa = PBXFrameworksBuildPhase;
			buildActionMask = 2147483647;
			files = (
			);
			runOnlyForDeploymentPostprocessing = 0;
		};
		10ABB5D827B69A1500C566B1 /* Frameworks */ = {
			isa = PBXFrameworksBuildPhase;
			buildActionMask = 2147483647;
			files = (
			);
			runOnlyForDeploymentPostprocessing = 0;
		};
		10ABB5E227B69A1500C566B1 /* Frameworks */ = {
			isa = PBXFrameworksBuildPhase;
			buildActionMask = 2147483647;
			files = (
			);
			runOnlyForDeploymentPostprocessing = 0;
		};
/* End PBXFrameworksBuildPhase section */

/* Begin PBXGroup section */
		10ABB5BD27B69A0F00C566B1 = {
			isa = PBXGroup;
			children = (
				10ABB5C827B69A0F00C566B1 /* AppMM */,
				10ABB5DE27B69A1500C566B1 /* AppMMTests */,
				10ABB5E827B69A1500C566B1 /* AppMMUITests */,
				10ABB5C727B69A0F00C566B1 /* Products */,
			);
			sourceTree = "<group>";
		};
		10ABB5C727B69A0F00C566B1 /* Products */ = {
			isa = PBXGroup;
			children = (
				10ABB5C627B69A0F00C566B1 /* AppMM.app */,
				10ABB5DB27B69A1500C566B1 /* AppMMTests.xctest */,
				10ABB5E527B69A1500C566B1 /* AppMMUITests.xctest */,
			);
			name = Products;
			sourceTree = "<group>";
		};
		10ABB5C827B69A0F00C566B1 /* AppMM */ = {
			isa = PBXGroup;
			children = (
				10ABB5C927B69A0F00C566B1 /* AppMMApp.swift */,
				10ABB5CB27B69A0F00C566B1 /* ContentView.swift */,
				10ABB5CD27B69A1500C566B1 /* Assets.xcassets */,
				10ABB5D227B69A1500C566B1 /* Persistence.swift */,
				10ABB5D427B69A1500C566B1 /* AppMM.xcdatamodeld */,
				10ABB5CF27B69A1500C566B1 /* Preview Content */,
			);
			path = AppMM;
			sourceTree = "<group>";
		};
		10ABB5CF27B69A1500C566B1 /* Preview Content */ = {
			isa = PBXGroup;
			children = (
				10ABB5D027B69A1500C566B1 /* Preview Assets.xcassets */,
			);
			path = "Preview Content";
			sourceTree = "<group>";
		};
		10ABB5DE27B69A1500C566B1 /* AppMMTests */ = {
			isa = PBXGroup;
			children = (
				10ABB5DF27B69A1500C566B1 /* AppMMTests.swift */,
			);
			path = AppMMTests;
			sourceTree = "<group>";
		};
		10ABB5E827B69A1500C566B1 /* AppMMUITests */ = {
			isa = PBXGroup;
			children = (
				10ABB5E927B69A1500C566B1 /* AppMMUITests.swift */,
				10ABB5EB27B69A1500C566B1 /* AppMMUITestsLaunchTests.swift */,
			);
			path = AppMMUITests;
			sourceTree = "<group>";
		};
/* End PBXGroup section */

/* Begin PBXNativeTarget section */
		10ABB5C527B69A0F00C566B1 /* AppMM */ = {
			isa = PBXNativeTarget;
			buildConfigurationList = 10ABB5EF27B69A1500C566B1 /* Build configuration list for PBXNativeTarget "AppMM" */;
			buildPhases = (
				10ABB5C227B69A0F00C566B1 /* Sources */,
				10ABB5C327B69A0F00C566B1 /* Frameworks */,
				10ABB5C427B69A0F00C566B1 /* Resources */,
			);
			buildRules = (
			);
			dependencies = (
			);
			name = AppMM;
			productName = AppMM;
			productReference = 10ABB5C627B69A0F00C566B1 /* AppMM.app */;
			productType = "com.apple.product-type.application";
		};
		10ABB5DA27B69A1500C566B1 /* AppMMTests */ = {
			isa = PBXNativeTarget;
			buildConfigurationList = 10ABB5F227B69A1500C566B1 /* Build configuration list for PBXNativeTarget "AppMMTests" */;
			buildPhases = (
				10ABB5D727B69A1500C566B1 /* Sources */,
				10ABB5D827B69A1500C566B1 /* Frameworks */,
				10ABB5D927B69A1500C566B1 /* Resources */,
			);
			buildRules = (
			);
			dependencies = (
				10ABB5DD27B69A1500C566B1 /* PBXTargetDependency */,
			);
			name = AppMMTests;
			productName = AppMMTests;
			productReference = 10ABB5DB27B69A1500C566B1 /* AppMMTests.xctest */;
			productType = "com.apple.product-type.bundle.unit-test";
		};
		10ABB5E427B69A1500C566B1 /* AppMMUITests */ = {
			isa = PBXNativeTarget;
			buildConfigurationList = 10ABB5F527B69A1500C566B1 /* Build configuration list for PBXNativeTarget "AppMMUITests" */;
			buildPhases = (
				10ABB5E127B69A1500C566B1 /* Sources */,
				10ABB5E227B69A1500C566B1 /* Frameworks */,
				10ABB5E327B69A1500C566B1 /* Resources */,
			);
			buildRules = (
			);
			dependencies = (
				10ABB5E727B69A1500C566B1 /* PBXTargetDependency */,
			);
			name = AppMMUITests;
			productName = AppMMUITests;
			productReference = 10ABB5E527B69A1500C566B1 /* AppMMUITests.xctest */;
			productType = "com.apple.product-type.bundle.ui-testing";
		};
/* End PBXNativeTarget section */

/* Begin PBXProject section */
		10ABB5BE27B69A0F00C566B1 /* Project object */ = {
			isa = PBXProject;
			attributes = {
				BuildIndependentTargetsInParallel = 1;
				LastSwiftUpdateCheck = 1310;
				LastUpgradeCheck = 1310;
				TargetAttributes = {
					10ABB5C527B69A0F00C566B1 = {
						CreatedOnToolsVersion = 13.1;
					};
					10ABB5DA27B69A1500C566B1 = {
						CreatedOnToolsVersion = 13.1;
						TestTargetID = 10ABB5C527B69A0F00C566B1;
					};
					10ABB5E427B69A1500C566B1 = {
						CreatedOnToolsVersion = 13.1;
						TestTargetID = 10ABB5C527B69A0F00C566B1;
					};
				};
			};
			buildConfigurationList = 10ABB5C127B69A0F00C566B1 /* Build configuration list for PBXProject "AppMM" */;
			compatibilityVersion = "Xcode 13.0";
			developmentRegion = en;
			hasScannedForEncodings = 0;
			knownRegions = (
				en,
				Base,
			);
			mainGroup = 10ABB5BD27B69A0F00C566B1;
			productRefGroup = 10ABB5C727B69A0F00C566B1 /* Products */;
			projectDirPath = "";
			projectRoot = "";
			targets = (
				10ABB5C527B69A0F00C566B1 /* AppMM */,
				10ABB5DA27B69A1500C566B1 /* AppMMTests */,
				10ABB5E427B69A1500C566B1 /* AppMMUITests */,
			);
		};
/* End PBXProject section */

/* Begin PBXResourcesBuildPhase section */
		10ABB5C427B69A0F00C566B1 /* Resources */ = {
			isa = PBXResourcesBuildPhase;
			buildActionMask = 2147483647;
			files = (
				10ABB5D127B69A1500C566B1 /* Preview Assets.xcassets in Resources */,
				10ABB5CE27B69A1500C566B1 /* Assets.xcassets in Resources */,
			);
			runOnlyForDeploymentPostprocessing = 0;
		};
		10ABB5D927B69A1500C566B1 /* Resources */ = {
			isa = PBXResourcesBuildPhase;
			buildActionMask = 2147483647;
			files = (
			);
			runOnlyForDeploymentPostprocessing = 0;
		};
		10ABB5E327B69A1500C566B1 /* Resources */ = {
			isa = PBXResourcesBuildPhase;
			buildActionMask = 2147483647;
			files = (
			);
			runOnlyForDeploymentPostprocessing = 0;
		};
/* End PBXResourcesBuildPhase section */

/* Begin PBXSourcesBuildPhase section */
		10ABB5C227B69A0F00C566B1 /* Sources */ = {
			isa = PBXSourcesBuildPhase;
			buildActionMask = 2147483647;
			files = (
				10ABB5D327B69A1500C566B1 /* Persistence.swift in Sources */,
				10ABB5D627B69A1500C566B1 /* AppMM.xcdatamodeld in Sources */,
				10ABB5CC27B69A0F00C566B1 /* ContentView.swift in Sources */,
				10ABB5CA27B69A0F00C566B1 /* AppMMApp.swift in Sources */,
			);
			runOnlyForDeploymentPostprocessing = 0;
		};
		10ABB5D727B69A1500C566B1 /* Sources */ = {
			isa = PBXSourcesBuildPhase;
			buildActionMask = 2147483647;
			files = (
				10ABB5E027B69A1500C566B1 /* AppMMTests.swift in Sources */,
			);
			runOnlyForDeploymentPostprocessing = 0;
		};
		10ABB5E127B69A1500C566B1 /* Sources */ = {
			isa = PBXSourcesBuildPhase;
			buildActionMask = 2147483647;
			files = (
				10ABB5EC27B69A1500C566B1 /* AppMMUITestsLaunchTests.swift in Sources */,
				10ABB5EA27B69A1500C566B1 /* AppMMUITests.swift in Sources */,
			);
			runOnlyForDeploymentPostprocessing = 0;
		};
/* End PBXSourcesBuildPhase section */

/* Begin PBXTargetDependency section */
		10ABB5DD27B69A1500C566B1 /* PBXTargetDependency */ = {
			isa = PBXTargetDependency;
			target = 10ABB5C527B69A0F00C566B1 /* AppMM */;
			targetProxy = 10ABB5DC27B69A1500C566B1 /* PBXContainerItemProxy */;
		};
		10ABB5E727B69A1500C566B1 /* PBXTargetDependency */ = {
			isa = PBXTargetDependency;
			target = 10ABB5C527B69A0F00C566B1 /* AppMM */;
			targetProxy = 10ABB5E627B69A1500C566B1 /* PBXContainerItemProxy */;
		};
/* End PBXTargetDependency section */

/* Begin XCBuildConfiguration section */
		10ABB5ED27B69A1500C566B1 /* Debug */ = {
			isa = XCBuildConfiguration;
			buildSettings = {
				ALWAYS_SEARCH_USER_PATHS = NO;
				CLANG_ANALYZER_NONNULL = YES;
				CLANG_ANALYZER_NUMBER_OBJECT_CONVERSION = YES_AGGRESSIVE;
				CLANG_CXX_LANGUAGE_STANDARD = "gnu++17";
				CLANG_CXX_LIBRARY = "libc++";
				CLANG_ENABLE_MODULES = YES;
				CLANG_ENABLE_OBJC_ARC = YES;
				CLANG_ENABLE_OBJC_WEAK = YES;
				CLANG_WARN_BLOCK_CAPTURE_AUTORELEASING = YES;
				CLANG_WARN_BOOL_CONVERSION = YES;
				CLANG_WARN_COMMA = YES;
				CLANG_WARN_CONSTANT_CONVERSION = YES;
				CLANG_WARN_DEPRECATED_OBJC_IMPLEMENTATIONS = YES;
				CLANG_WARN_DIRECT_OBJC_ISA_USAGE = YES_ERROR;
				CLANG_WARN_DOCUMENTATION_COMMENTS = YES;
				CLANG_WARN_EMPTY_BODY = YES;
				CLANG_WARN_ENUM_CONVERSION = YES;
				CLANG_WARN_INFINITE_RECURSION = YES;
				CLANG_WARN_INT_CONVERSION = YES;
				CLANG_WARN_NON_LITERAL_NULL_CONVERSION = YES;
				CLANG_WARN_OBJC_IMPLICIT_RETAIN_SELF = YES;
				CLANG_WARN_OBJC_LITERAL_CONVERSION = YES;
				CLANG_WARN_OBJC_ROOT_CLASS = YES_ERROR;
				CLANG_WARN_QUOTED_INCLUDE_IN_FRAMEWORK_HEADER = YES;
				CLANG_WARN_RANGE_LOOP_ANALYSIS = YES;
				CLANG_WARN_STRICT_PROTOTYPES = YES;
				CLANG_WARN_SUSPICIOUS_MOVE = YES;
				CLANG_WARN_UNGUARDED_AVAILABILITY = YES_AGGRESSIVE;
				CLANG_WARN_UNREACHABLE_CODE = YES;
				CLANG_WARN__DUPLICATE_METHOD_MATCH = YES;
				COPY_PHASE_STRIP = NO;
				DEBUG_INFORMATION_FORMAT = dwarf;
				ENABLE_STRICT_OBJC_MSGSEND = YES;
				ENABLE_TESTABILITY = YES;
				GCC_C_LANGUAGE_STANDARD = gnu11;
				GCC_DYNAMIC_NO_PIC = NO;
				GCC_NO_COMMON_BLOCKS = YES;
				GCC_OPTIMIZATION_LEVEL = 0;
				GCC_PREPROCESSOR_DEFINITIONS = (
					"DEBUG=1",
					"$(inherited)",
				);
				GCC_WARN_64_TO_32_BIT_CONVERSION = YES;
				GCC_WARN_ABOUT_RETURN_TYPE = YES_ERROR;
				GCC_WARN_UNDECLARED_SELECTOR = YES;
				GCC_WARN_UNINITIALIZED_AUTOS = YES_AGGRESSIVE;
				GCC_WARN_UNUSED_FUNCTION = YES;
				GCC_WARN_UNUSED_VARIABLE = YES;
				IPHONEOS_DEPLOYMENT_TARGET = 15.0;
				MTL_ENABLE_DEBUG_INFO = INCLUDE_SOURCE;
				MTL_FAST_MATH = YES;
				ONLY_ACTIVE_ARCH = YES;
				SDKROOT = iphoneos;
				SWIFT_ACTIVE_COMPILATION_CONDITIONS = DEBUG;
				SWIFT_OPTIMIZATION_LEVEL = "-Onone";
			};
			name = Debug;
		};
		10ABB5EE27B69A1500C566B1 /* Release */ = {
			isa = XCBuildConfiguration;
			buildSettings = {
				ALWAYS_SEARCH_USER_PATHS = NO;
				CLANG_ANALYZER_NONNULL = YES;
				CLANG_ANALYZER_NUMBER_OBJECT_CONVERSION = YES_AGGRESSIVE;
				CLANG_CXX_LANGUAGE_STANDARD = "gnu++17";
				CLANG_CXX_LIBRARY = "libc++";
				CLANG_ENABLE_MODULES = YES;
				CLANG_ENABLE_OBJC_ARC = YES;
				CLANG_ENABLE_OBJC_WEAK = YES;
				CLANG_WARN_BLOCK_CAPTURE_AUTORELEASING = YES;
				CLANG_WARN_BOOL_CONVERSION = YES;
				CLANG_WARN_COMMA = YES;
				CLANG_WARN_CONSTANT_CONVERSION = YES;
				CLANG_WARN_DEPRECATED_OBJC_IMPLEMENTATIONS = YES;
				CLANG_WARN_DIRECT_OBJC_ISA_USAGE = YES_ERROR;
				CLANG_WARN_DOCUMENTATION_COMMENTS = YES;
				CLANG_WARN_EMPTY_BODY = YES;
				CLANG_WARN_ENUM_CONVERSION = YES;
				CLANG_WARN_INFINITE_RECURSION = YES;
				CLANG_WARN_INT_CONVERSION = YES;
				CLANG_WARN_NON_LITERAL_NULL_CONVERSION = YES;
				CLANG_WARN_OBJC_IMPLICIT_RETAIN_SELF = YES;
				CLANG_WARN_OBJC_LITERAL_CONVERSION = YES;
				CLANG_WARN_OBJC_ROOT_CLASS = YES_ERROR;
				CLANG_WARN_QUOTED_INCLUDE_IN_FRAMEWORK_HEADER = YES;
				CLANG_WARN_RANGE_LOOP_ANALYSIS = YES;
				CLANG_WARN_STRICT_PROTOTYPES = YES;
				CLANG_WARN_SUSPICIOUS_MOVE = YES;
				CLANG_WARN_UNGUARDED_AVAILABILITY = YES_AGGRESSIVE;
				CLANG_WARN_UNREACHABLE_CODE = YES;
				CLANG_WARN__DUPLICATE_METHOD_MATCH = YES;
				COPY_PHASE_STRIP = NO;
				DEBUG_INFORMATION_FORMAT = "dwarf-with-dsym";
				ENABLE_NS_ASSERTIONS = NO;
				ENABLE_STRICT_OBJC_MSGSEND = YES;
				GCC_C_LANGUAGE_STANDARD = gnu11;
				GCC_NO_COMMON_BLOCKS = YES;
				GCC_WARN_64_TO_32_BIT_CONVERSION = YES;
				GCC_WARN_ABOUT_RETURN_TYPE = YES_ERROR;
				GCC_WARN_UNDECLARED_SELECTOR = YES;
				GCC_WARN_UNINITIALIZED_AUTOS = YES_AGGRESSIVE;
				GCC_WARN_UNUSED_FUNCTION = YES;
				GCC_WARN_UNUSED_VARIABLE = YES;
				IPHONEOS_DEPLOYMENT_TARGET = 15.0;
				MTL_ENABLE_DEBUG_INFO = NO;
				MTL_FAST_MATH = YES;
				SDKROOT = iphoneos;
				SWIFT_COMPILATION_MODE = wholemodule;
				SWIFT_OPTIMIZATION_LEVEL = "-O";
				VALIDATE_PRODUCT = YES;
			};
			name = Release;
		};
		10ABB5F027B69A1500C566B1 /* Debug */ = {
			isa = XCBuildConfiguration;
			buildSettings = {
				ASSETCATALOG_COMPILER_APPICON_NAME = AppIcon;
				ASSETCATALOG_COMPILER_GLOBAL_ACCENT_COLOR_NAME = AccentColor;
				CODE_SIGN_STYLE = Automatic;
				CURRENT_PROJECT_VERSION = 1;
				DEVELOPMENT_ASSET_PATHS = "\"AppMM/Preview Content\"";
				DEVELOPMENT_TEAM = GQ3DTQGNTX;
				ENABLE_PREVIEWS = YES;
				GENERATE_INFOPLIST_FILE = YES;
				INFOPLIST_KEY_UIApplicationSceneManifest_Generation = YES;
				INFOPLIST_KEY_UIApplicationSupportsIndirectInputEvents = YES;
				INFOPLIST_KEY_UILaunchScreen_Generation = YES;
				INFOPLIST_KEY_UISupportedInterfaceOrientations_iPad = "UIInterfaceOrientationPortrait UIInterfaceOrientationPortraitUpsideDown UIInterfaceOrientationLandscapeLeft UIInterfaceOrientationLandscapeRight";
				INFOPLIST_KEY_UISupportedInterfaceOrientations_iPhone = "UIInterfaceOrientationPortrait UIInterfaceOrientationLandscapeLeft UIInterfaceOrientationLandscapeRight";
				LD_RUNPATH_SEARCH_PATHS = (
					"$(inherited)",
					"@executable_path/Frameworks",
				);
				MARKETING_VERSION = 1.0;
				PRODUCT_BUNDLE_IDENTIFIER = com.seyhan.mehmetcan.AppMM;
				PRODUCT_NAME = "$(TARGET_NAME)";
				SWIFT_EMIT_LOC_STRINGS = YES;
				SWIFT_VERSION = 5.0;
				TARGETED_DEVICE_FAMILY = "1,2";
			};
			name = Debug;
		};
		10ABB5F127B69A1500C566B1 /* Release */ = {
			isa = XCBuildConfiguration;
			buildSettings = {
				ASSETCATALOG_COMPILER_APPICON_NAME = AppIcon;
				ASSETCATALOG_COMPILER_GLOBAL_ACCENT_COLOR_NAME = AccentColor;
				CODE_SIGN_STYLE = Automatic;
				CURRENT_PROJECT_VERSION = 1;
				DEVELOPMENT_ASSET_PATHS = "\"AppMM/Preview Content\"";
				DEVELOPMENT_TEAM = GQ3DTQGNTX;
				ENABLE_PREVIEWS = YES;
				GENERATE_INFOPLIST_FILE = YES;
				INFOPLIST_KEY_UIApplicationSceneManifest_Generation = YES;
				INFOPLIST_KEY_UIApplicationSupportsIndirectInputEvents = YES;
				INFOPLIST_KEY_UILaunchScreen_Generation = YES;
				INFOPLIST_KEY_UISupportedInterfaceOrientations_iPad = "UIInterfaceOrientationPortrait UIInterfaceOrientationPortraitUpsideDown UIInterfaceOrientationLandscapeLeft UIInterfaceOrientationLandscapeRight";
				INFOPLIST_KEY_UISupportedInterfaceOrientations_iPhone = "UIInterfaceOrientationPortrait UIInterfaceOrientationLandscapeLeft UIInterfaceOrientationLandscapeRight";
				LD_RUNPATH_SEARCH_PATHS = (
					"$(inherited)",
					"@executable_path/Frameworks",
				);
				MARKETING_VERSION = 1.0;
				PRODUCT_BUNDLE_IDENTIFIER = com.seyhan.mehmetcan.AppMM;
				PRODUCT_NAME = "$(TARGET_NAME)";
				SWIFT_EMIT_LOC_STRINGS = YES;
				SWIFT_VERSION = 5.0;
				TARGETED_DEVICE_FAMILY = "1,2";
			};
			name = Release;
		};
		10ABB5F327B69A1500C566B1 /* Debug */ = {
			isa = XCBuildConfiguration;
			buildSettings = {
				ALWAYS_EMBED_SWIFT_STANDARD_LIBRARIES = YES;
				BUNDLE_LOADER = "$(TEST_HOST)";
				CODE_SIGN_STYLE = Automatic;
				CURRENT_PROJECT_VERSION = 1;
				DEVELOPMENT_TEAM = GQ3DTQGNTX;
				GENERATE_INFOPLIST_FILE = YES;
				IPHONEOS_DEPLOYMENT_TARGET = 15.0;
				LD_RUNPATH_SEARCH_PATHS = (
					"$(inherited)",
					"@executable_path/Frameworks",
					"@loader_path/Frameworks",
				);
				MARKETING_VERSION = 1.0;
				PRODUCT_BUNDLE_IDENTIFIER = com.seyhan.mehmetcan.AppMMTests;
				PRODUCT_NAME = "$(TARGET_NAME)";
				SWIFT_EMIT_LOC_STRINGS = NO;
				SWIFT_VERSION = 5.0;
				TARGETED_DEVICE_FAMILY = "1,2";
				TEST_HOST = "$(BUILT_PRODUCTS_DIR)/AppMM.app/AppMM";
			};
			name = Debug;
		};
		10ABB5F427B69A1500C566B1 /* Release */ = {
			isa = XCBuildConfiguration;
			buildSettings = {
				ALWAYS_EMBED_SWIFT_STANDARD_LIBRARIES = YES;
				BUNDLE_LOADER = "$(TEST_HOST)";
				CODE_SIGN_STYLE = Automatic;
				CURRENT_PROJECT_VERSION = 1;
				DEVELOPMENT_TEAM = GQ3DTQGNTX;
				GENERATE_INFOPLIST_FILE = YES;
				IPHONEOS_DEPLOYMENT_TARGET = 15.0;
				LD_RUNPATH_SEARCH_PATHS = (
					"$(inherited)",
					"@executable_path/Frameworks",
					"@loader_path/Frameworks",
				);
				MARKETING_VERSION = 1.0;
				PRODUCT_BUNDLE_IDENTIFIER = com.seyhan.mehmetcan.AppMMTests;
				PRODUCT_NAME = "$(TARGET_NAME)";
				SWIFT_EMIT_LOC_STRINGS = NO;
				SWIFT_VERSION = 5.0;
				TARGETED_DEVICE_FAMILY = "1,2";
				TEST_HOST = "$(BUILT_PRODUCTS_DIR)/AppMM.app/AppMM";
			};
			name = Release;
		};
		10ABB5F627B69A1500C566B1 /* Debug */ = {
			isa = XCBuildConfiguration;
			buildSettings = {
				ALWAYS_EMBED_SWIFT_STANDARD_LIBRARIES = YES;
				CODE_SIGN_STYLE = Automatic;
				CURRENT_PROJECT_VERSION = 1;
				DEVELOPMENT_TEAM = GQ3DTQGNTX;
				GENERATE_INFOPLIST_FILE = YES;
				LD_RUNPATH_SEARCH_PATHS = (
					"$(inherited)",
					"@executable_path/Frameworks",
					"@loader_path/Frameworks",
				);
				MARKETING_VERSION = 1.0;
				PRODUCT_BUNDLE_IDENTIFIER = com.seyhan.mehmetcan.AppMMUITests;
				PRODUCT_NAME = "$(TARGET_NAME)";
				SWIFT_EMIT_LOC_STRINGS = NO;
				SWIFT_VERSION = 5.0;
				TARGETED_DEVICE_FAMILY = "1,2";
				TEST_TARGET_NAME = AppMM;
			};
			name = Debug;
		};
		10ABB5F727B69A1500C566B1 /* Release */ = {
			isa = XCBuildConfiguration;
			buildSettings = {
				ALWAYS_EMBED_SWIFT_STANDARD_LIBRARIES = YES;
				CODE_SIGN_STYLE = Automatic;
				CURRENT_PROJECT_VERSION = 1;
				DEVELOPMENT_TEAM = GQ3DTQGNTX;
				GENERATE_INFOPLIST_FILE = YES;
				LD_RUNPATH_SEARCH_PATHS = (
					"$(inherited)",
					"@executable_path/Frameworks",
					"@loader_path/Frameworks",
				);
				MARKETING_VERSION = 1.0;
				PRODUCT_BUNDLE_IDENTIFIER = com.seyhan.mehmetcan.AppMMUITests;
				PRODUCT_NAME = "$(TARGET_NAME)";
				SWIFT_EMIT_LOC_STRINGS = NO;
				SWIFT_VERSION = 5.0;
				TARGETED_DEVICE_FAMILY = "1,2";
				TEST_TARGET_NAME = AppMM;
			};
			name = Release;
		};
/* End XCBuildConfiguration section */

/* Begin XCConfigurationList section */
		10ABB5C127B69A0F00C566B1 /* Build configuration list for PBXProject "AppMM" */ = {
			isa = XCConfigurationList;
			buildConfigurations = (
				10ABB5ED27B69A1500C566B1 /* Debug */,
				10ABB5EE27B69A1500C566B1 /* Release */,
			);
			defaultConfigurationIsVisible = 0;
			defaultConfigurationName = Release;
		};
		10ABB5EF27B69A1500C566B1 /* Build configuration list for PBXNativeTarget "AppMM" */ = {
			isa = XCConfigurationList;
			buildConfigurations = (
				10ABB5F027B69A1500C566B1 /* Debug */,
				10ABB5F127B69A1500C566B1 /* Release */,
			);
			defaultConfigurationIsVisible = 0;
			defaultConfigurationName = Release;
		};
		10ABB5F227B69A1500C566B1 /* Build configuration list for PBXNativeTarget "AppMMTests" */ = {
			isa = XCConfigurationList;
			buildConfigurations = (
				10ABB5F327B69A1500C566B1 /* Debug */,
				10ABB5F427B69A1500C566B1 /* Release */,
			);
			defaultConfigurationIsVisible = 0;
			defaultConfigurationName = Release;
		};
		10ABB5F527B69A1500C566B1 /* Build configuration list for PBXNativeTarget "AppMMUITests" */ = {
			isa = XCConfigurationList;
			buildConfigurations = (
				10ABB5F627B69A1500C566B1 /* Debug */,
				10ABB5F727B69A1500C566B1 /* Release */,
			);
			defaultConfigurationIsVisible = 0;
			defaultConfigurationName = Release;
		};
/* End XCConfigurationList section */

/* Begin XCVersionGroup section */
		10ABB5D427B69A1500C566B1 /* AppMM.xcdatamodeld */ = {
			isa = XCVersionGroup;
			children = (
				10ABB5D527B69A1500C566B1 /* AppMM.xcdatamodel */,
			);
			currentVersion = 10ABB5D527B69A1500C566B1 /* AppMM.xcdatamodel */;
			path = AppMM.xcdatamodeld;
			sourceTree = "<group>";
			versionGroupType = wrapper.xcdatamodel;
		};
/* End XCVersionGroup section */
	};
	rootObject = 10ABB5BE27B69A0F00C566B1 /* Project object */;
}
